// !$*UTF8*$!
{
	archiveVersion = 1;
	classes = {
	};
	objectVersion = 56;
	objects = {

/* Begin PBXBuildFile section */
		4FABD02B2A77E27C004BE105 /* internTestApp.swift in Sources */ = {isa = PBXBuildFile; fileRef = 4FABD02A2A77E27C004BE105 /* internTestApp.swift */; };
		4FABD02D2A77E27C004BE105 /* ContentView.swift in Sources */ = {isa = PBXBuildFile; fileRef = 4FABD02C2A77E27C004BE105 /* ContentView.swift */; };
		4FABD02F2A77E27D004BE105 /* Assets.xcassets in Resources */ = {isa = PBXBuildFile; fileRef = 4FABD02E2A77E27D004BE105 /* Assets.xcassets */; };
		4FABD0322A77E27D004BE105 /* Preview Assets.xcassets in Resources */ = {isa = PBXBuildFile; fileRef = 4FABD0312A77E27D004BE105 /* Preview Assets.xcassets */; };
		4FABD03B2A77E7AC004BE105 /* secondView.swift in Sources */ = {isa = PBXBuildFile; fileRef = 4FABD03A2A77E7AC004BE105 /* secondView.swift */; };
		4FC73C522A78FC8E0063B624 /* firstView.swift in Sources */ = {isa = PBXBuildFile; fileRef = 4FC73C512A78FC8E0063B624 /* firstView.swift */; };
		4FC73C542A7925780063B624 /* PartScrollView.swift in Sources */ = {isa = PBXBuildFile; fileRef = 4FC73C532A7925780063B624 /* PartScrollView.swift */; };
		4FC73C572A792AF30063B624 /* DishTitleView.swift in Sources */ = {isa = PBXBuildFile; fileRef = 4FC73C562A792AF30063B624 /* DishTitleView.swift */; };
		4FC73C5B2A7936670063B624 /* PriceView.swift in Sources */ = {isa = PBXBuildFile; fileRef = 4FC73C5A2A7936670063B624 /* PriceView.swift */; };
		4FC73C5D2A7937510063B624 /* CaloriesView.swift in Sources */ = {isa = PBXBuildFile; fileRef = 4FC73C5C2A7937510063B624 /* CaloriesView.swift */; };
/* End PBXBuildFile section */

/* Begin PBXFileReference section */
		4FABD0272A77E27C004BE105 /* internTest.app */ = {isa = PBXFileReference; explicitFileType = wrapper.application; includeInIndex = 0; path = internTest.app; sourceTree = BUILT_PRODUCTS_DIR; };
		4FABD02A2A77E27C004BE105 /* internTestApp.swift */ = {isa = PBXFileReference; lastKnownFileType = sourcecode.swift; path = internTestApp.swift; sourceTree = "<group>"; };
		4FABD02C2A77E27C004BE105 /* ContentView.swift */ = {isa = PBXFileReference; lastKnownFileType = sourcecode.swift; path = ContentView.swift; sourceTree = "<group>"; };
		4FABD02E2A77E27D004BE105 /* Assets.xcassets */ = {isa = PBXFileReference; lastKnownFileType = folder.assetcatalog; path = Assets.xcassets; sourceTree = "<group>"; };
		4FABD0312A77E27D004BE105 /* Preview Assets.xcassets */ = {isa = PBXFileReference; lastKnownFileType = folder.assetcatalog; path = "Preview Assets.xcassets"; sourceTree = "<group>"; };
		4FABD03A2A77E7AC004BE105 /* secondView.swift */ = {isa = PBXFileReference; lastKnownFileType = sourcecode.swift; path = secondView.swift; sourceTree = "<group>"; };
		4FC73C512A78FC8E0063B624 /* firstView.swift */ = {isa = PBXFileReference; lastKnownFileType = sourcecode.swift; path = firstView.swift; sourceTree = "<group>"; };
		4FC73C532A7925780063B624 /* PartScrollView.swift */ = {isa = PBXFileReference; lastKnownFileType = sourcecode.swift; path = PartScrollView.swift; sourceTree = "<group>"; };
		4FC73C562A792AF30063B624 /* DishTitleView.swift */ = {isa = PBXFileReference; lastKnownFileType = sourcecode.swift; path = DishTitleView.swift; sourceTree = "<group>"; };
		4FC73C5A2A7936670063B624 /* PriceView.swift */ = {isa = PBXFileReference; lastKnownFileType = sourcecode.swift; path = PriceView.swift; sourceTree = "<group>"; };
		4FC73C5C2A7937510063B624 /* CaloriesView.swift */ = {isa = PBXFileReference; lastKnownFileType = sourcecode.swift; path = CaloriesView.swift; sourceTree = "<group>"; };
/* End PBXFileReference section */

/* Begin PBXFrameworksBuildPhase section */
		4FABD0242A77E27C004BE105 /* Frameworks */ = {
			isa = PBXFrameworksBuildPhase;
			buildActionMask = 2147483647;
			files = (
			);
			runOnlyForDeploymentPostprocessing = 0;
		};
/* End PBXFrameworksBuildPhase section */

/* Begin PBXGroup section */
		4FABD01E2A77E27C004BE105 = {
			isa = PBXGroup;
			children = (
				4FABD0292A77E27C004BE105 /* internTest */,
				4FABD0282A77E27C004BE105 /* Products */,
			);
			sourceTree = "<group>";
		};
		4FABD0282A77E27C004BE105 /* Products */ = {
			isa = PBXGroup;
			children = (
				4FABD0272A77E27C004BE105 /* internTest.app */,
			);
			name = Products;
			sourceTree = "<group>";
		};
		4FABD0292A77E27C004BE105 /* internTest */ = {
			isa = PBXGroup;
			children = (
				4FC73C552A7925B90063B624 /* Views */,
				4FABD02A2A77E27C004BE105 /* internTestApp.swift */,
				4FABD02C2A77E27C004BE105 /* ContentView.swift */,
				4FABD03A2A77E7AC004BE105 /* secondView.swift */,
				4FC73C512A78FC8E0063B624 /* firstView.swift */,
				4FABD02E2A77E27D004BE105 /* Assets.xcassets */,
				4FABD0302A77E27D004BE105 /* Preview Content */,
			);
			path = internTest;
			sourceTree = "<group>";
		};
		4FABD0302A77E27D004BE105 /* Preview Content */ = {
			isa = PBXGroup;
			children = (
				4FABD0312A77E27D004BE105 /* Preview Assets.xcassets */,
			);
			path = "Preview Content";
			sourceTree = "<group>";
		};
		4FC73C552A7925B90063B624 /* Views */ = {
			isa = PBXGroup;
			children = (
				4FC73C532A7925780063B624 /* PartScrollView.swift */,
				4FC73C562A792AF30063B624 /* DishTitleView.swift */,
				4FC73C5A2A7936670063B624 /* PriceView.swift */,
				4FC73C5C2A7937510063B624 /* CaloriesView.swift */,
			);
			path = Views;
			sourceTree = "<group>";
		};
/* End PBXGroup section */

/* Begin PBXNativeTarget section */
		4FABD0262A77E27C004BE105 /* internTest */ = {
			isa = PBXNativeTarget;
			buildConfigurationList = 4FABD0352A77E27D004BE105 /* Build configuration list for PBXNativeTarget "internTest" */;
			buildPhases = (
				4FABD0232A77E27C004BE105 /* Sources */,
				4FABD0242A77E27C004BE105 /* Frameworks */,
				4FABD0252A77E27C004BE105 /* Resources */,
			);
			buildRules = (
			);
			dependencies = (
			);
			name = internTest;
			productName = internTest;
			productReference = 4FABD0272A77E27C004BE105 /* internTest.app */;
			productType = "com.apple.product-type.application";
		};
/* End PBXNativeTarget section */

/* Begin PBXProject section */
		4FABD01F2A77E27C004BE105 /* Project object */ = {
			isa = PBXProject;
			attributes = {
				BuildIndependentTargetsInParallel = 1;
				LastSwiftUpdateCheck = 1430;
				LastUpgradeCheck = 1430;
				TargetAttributes = {
					4FABD0262A77E27C004BE105 = {
						CreatedOnToolsVersion = 14.3.1;
					};
				};
			};
			buildConfigurationList = 4FABD0222A77E27C004BE105 /* Build configuration list for PBXProject "internTest" */;
			compatibilityVersion = "Xcode 14.0";
			developmentRegion = en;
			hasScannedForEncodings = 0;
			knownRegions = (
				en,
				Base,
			);
			mainGroup = 4FABD01E2A77E27C004BE105;
			productRefGroup = 4FABD0282A77E27C004BE105 /* Products */;
			projectDirPath = "";
			projectRoot = "";
			targets = (
				4FABD0262A77E27C004BE105 /* internTest */,
			);
		};
/* End PBXProject section */

/* Begin PBXResourcesBuildPhase section */
		4FABD0252A77E27C004BE105 /* Resources */ = {
			isa = PBXResourcesBuildPhase;
			buildActionMask = 2147483647;
			files = (
				4FABD0322A77E27D004BE105 /* Preview Assets.xcassets in Resources */,
				4FABD02F2A77E27D004BE105 /* Assets.xcassets in Resources */,
			);
			runOnlyForDeploymentPostprocessing = 0;
		};
/* End PBXResourcesBuildPhase section */

/* Begin PBXSourcesBuildPhase section */
		4FABD0232A77E27C004BE105 /* Sources */ = {
			isa = PBXSourcesBuildPhase;
			buildActionMask = 2147483647;
			files = (
				4FC73C522A78FC8E0063B624 /* firstView.swift in Sources */,
				4FC73C5B2A7936670063B624 /* PriceView.swift in Sources */,
				4FC73C5D2A7937510063B624 /* CaloriesView.swift in Sources */,
				4FABD02D2A77E27C004BE105 /* ContentView.swift in Sources */,
				4FABD02B2A77E27C004BE105 /* internTestApp.swift in Sources */,
				4FC73C542A7925780063B624 /* PartScrollView.swift in Sources */,
				4FABD03B2A77E7AC004BE105 /* secondView.swift in Sources */,
				4FC73C572A792AF30063B624 /* DishTitleView.swift in Sources */,
			);
			runOnlyForDeploymentPostprocessing = 0;
		};
/* End PBXSourcesBuildPhase section */

/* Begin XCBuildConfiguration section */
		4FABD0332A77E27D004BE105 /* Debug */ = {
			isa = XCBuildConfiguration;
			buildSettings = {
				ALWAYS_SEARCH_USER_PATHS = NO;
				CLANG_ANALYZER_NONNULL = YES;
				CLANG_ANALYZER_NUMBER_OBJECT_CONVERSION = YES_AGGRESSIVE;
				CLANG_CXX_LANGUAGE_STANDARD = "gnu++20";
				CLANG_ENABLE_MODULES = YES;
				CLANG_ENABLE_OBJC_ARC = YES;
				CLANG_ENABLE_OBJC_WEAK = YES;
				CLANG_WARN_BLOCK_CAPTURE_AUTORELEASING = YES;
				CLANG_WARN_BOOL_CONVERSION = YES;
				CLANG_WARN_COMMA = YES;
				CLANG_WARN_CONSTANT_CONVERSION = YES;
				CLANG_WARN_DEPRECATED_OBJC_IMPLEMENTATIONS = YES;
				CLANG_WARN_DIRECT_OBJC_ISA_USAGE = YES_ERROR;
				CLANG_WARN_DOCUMENTATION_COMMENTS = YES;
				CLANG_WARN_EMPTY_BODY = YES;
				CLANG_WARN_ENUM_CONVERSION = YES;
				CLANG_WARN_INFINITE_RECURSION = YES;
				CLANG_WARN_INT_CONVERSION = YES;
				CLANG_WARN_NON_LITERAL_NULL_CONVERSION = YES;
				CLANG_WARN_OBJC_IMPLICIT_RETAIN_SELF = YES;
				CLANG_WARN_OBJC_LITERAL_CONVERSION = YES;
				CLANG_WARN_OBJC_ROOT_CLASS = YES_ERROR;
				CLANG_WARN_QUOTED_INCLUDE_IN_FRAMEWORK_HEADER = YES;
				CLANG_WARN_RANGE_LOOP_ANALYSIS = YES;
				CLANG_WARN_STRICT_PROTOTYPES = YES;
				CLANG_WARN_SUSPICIOUS_MOVE = YES;
				CLANG_WARN_UNGUARDED_AVAILABILITY = YES_AGGRESSIVE;
				CLANG_WARN_UNREACHABLE_CODE = YES;
				CLANG_WARN__DUPLICATE_METHOD_MATCH = YES;
				COPY_PHASE_STRIP = NO;
				DEBUG_INFORMATION_FORMAT = dwarf;
				ENABLE_STRICT_OBJC_MSGSEND = YES;
				ENABLE_TESTABILITY = YES;
				GCC_C_LANGUAGE_STANDARD = gnu11;
				GCC_DYNAMIC_NO_PIC = NO;
				GCC_NO_COMMON_BLOCKS = YES;
				GCC_OPTIMIZATION_LEVEL = 0;
				GCC_PREPROCESSOR_DEFINITIONS = (
					"DEBUG=1",
					"$(inherited)",
				);
				GCC_WARN_64_TO_32_BIT_CONVERSION = YES;
				GCC_WARN_ABOUT_RETURN_TYPE = YES_ERROR;
				GCC_WARN_UNDECLARED_SELECTOR = YES;
				GCC_WARN_UNINITIALIZED_AUTOS = YES_AGGRESSIVE;
				GCC_WARN_UNUSED_FUNCTION = YES;
				GCC_WARN_UNUSED_VARIABLE = YES;
				IPHONEOS_DEPLOYMENT_TARGET = 16.4;
				MTL_ENABLE_DEBUG_INFO = INCLUDE_SOURCE;
				MTL_FAST_MATH = YES;
				ONLY_ACTIVE_ARCH = YES;
				SDKROOT = iphoneos;
				SWIFT_ACTIVE_COMPILATION_CONDITIONS = DEBUG;
				SWIFT_OPTIMIZATION_LEVEL = "-Onone";
			};
			name = Debug;
		};
		4FABD0342A77E27D004BE105 /* Release */ = {
			isa = XCBuildConfiguration;
			buildSettings = {
				ALWAYS_SEARCH_USER_PATHS = NO;
				CLANG_ANALYZER_NONNULL = YES;
				CLANG_ANALYZER_NUMBER_OBJECT_CONVERSION = YES_AGGRESSIVE;
				CLANG_CXX_LANGUAGE_STANDARD = "gnu++20";
				CLANG_ENABLE_MODULES = YES;
				CLANG_ENABLE_OBJC_ARC = YES;
				CLANG_ENABLE_OBJC_WEAK = YES;
				CLANG_WARN_BLOCK_CAPTURE_AUTORELEASING = YES;
				CLANG_WARN_BOOL_CONVERSION = YES;
				CLANG_WARN_COMMA = YES;
				CLANG_WARN_CONSTANT_CONVERSION = YES;
				CLANG_WARN_DEPRECATED_OBJC_IMPLEMENTATIONS = YES;
				CLANG_WARN_DIRECT_OBJC_ISA_USAGE = YES_ERROR;
				CLANG_WARN_DOCUMENTATION_COMMENTS = YES;
				CLANG_WARN_EMPTY_BODY = YES;
				CLANG_WARN_ENUM_CONVERSION = YES;
				CLANG_WARN_INFINITE_RECURSION = YES;
				CLANG_WARN_INT_CONVERSION = YES;
				CLANG_WARN_NON_LITERAL_NULL_CONVERSION = YES;
				CLANG_WARN_OBJC_IMPLICIT_RETAIN_SELF = YES;
				CLANG_WARN_OBJC_LITERAL_CONVERSION = YES;
				CLANG_WARN_OBJC_ROOT_CLASS = YES_ERROR;
				CLANG_WARN_QUOTED_INCLUDE_IN_FRAMEWORK_HEADER = YES;
				CLANG_WARN_RANGE_LOOP_ANALYSIS = YES;
				CLANG_WARN_STRICT_PROTOTYPES = YES;
				CLANG_WARN_SUSPICIOUS_MOVE = YES;
				CLANG_WARN_UNGUARDED_AVAILABILITY = YES_AGGRESSIVE;
				CLANG_WARN_UNREACHABLE_CODE = YES;
				CLANG_WARN__DUPLICATE_METHOD_MATCH = YES;
				COPY_PHASE_STRIP = NO;
				DEBUG_INFORMATION_FORMAT = "dwarf-with-dsym";
				ENABLE_NS_ASSERTIONS = NO;
				ENABLE_STRICT_OBJC_MSGSEND = YES;
				GCC_C_LANGUAGE_STANDARD = gnu11;
				GCC_NO_COMMON_BLOCKS = YES;
				GCC_WARN_64_TO_32_BIT_CONVERSION = YES;
				GCC_WARN_ABOUT_RETURN_TYPE = YES_ERROR;
				GCC_WARN_UNDECLARED_SELECTOR = YES;
				GCC_WARN_UNINITIALIZED_AUTOS = YES_AGGRESSIVE;
				GCC_WARN_UNUSED_FUNCTION = YES;
				GCC_WARN_UNUSED_VARIABLE = YES;
				IPHONEOS_DEPLOYMENT_TARGET = 16.4;
				MTL_ENABLE_DEBUG_INFO = NO;
				MTL_FAST_MATH = YES;
				SDKROOT = iphoneos;
				SWIFT_COMPILATION_MODE = wholemodule;
				SWIFT_OPTIMIZATION_LEVEL = "-O";
				VALIDATE_PRODUCT = YES;
			};
			name = Release;
		};
		4FABD0362A77E27D004BE105 /* Debug */ = {
			isa = XCBuildConfiguration;
			buildSettings = {
				ASSETCATALOG_COMPILER_APPICON_NAME = AppIcon;
				ASSETCATALOG_COMPILER_GLOBAL_ACCENT_COLOR_NAME = AccentColor;
				CODE_SIGN_STYLE = Automatic;
				CURRENT_PROJECT_VERSION = 1;
				DEVELOPMENT_ASSET_PATHS = "\"internTest/Preview Content\"";
				DEVELOPMENT_TEAM = 8QNN7VX268;
				ENABLE_PREVIEWS = YES;
				GENERATE_INFOPLIST_FILE = YES;
				INFOPLIST_KEY_UIApplicationSceneManifest_Generation = YES;
				INFOPLIST_KEY_UIApplicationSupportsIndirectInputEvents = YES;
				INFOPLIST_KEY_UILaunchScreen_Generation = YES;
				INFOPLIST_KEY_UISupportedInterfaceOrientations_iPad = "UIInterfaceOrientationPortrait UIInterfaceOrientationPortraitUpsideDown UIInterfaceOrientationLandscapeLeft UIInterfaceOrientationLandscapeRight";
				INFOPLIST_KEY_UISupportedInterfaceOrientations_iPhone = "UIInterfaceOrientationPortrait UIInterfaceOrientationLandscapeLeft UIInterfaceOrientationLandscapeRight";
				LD_RUNPATH_SEARCH_PATHS = (
					"$(inherited)",
					"@executable_path/Frameworks",
				);
				MARKETING_VERSION = 1.0;
				PRODUCT_BUNDLE_IDENTIFIER = personal.internTest;
				PRODUCT_NAME = "$(TARGET_NAME)";
				SWIFT_EMIT_LOC_STRINGS = YES;
				SWIFT_VERSION = 5.0;
				TARGETED_DEVICE_FAMILY = "1,2";
			};
			name = Debug;
		};
		4FABD0372A77E27D004BE105 /* Release */ = {
			isa = XCBuildConfiguration;
			buildSettings = {
				ASSETCATALOG_COMPILER_APPICON_NAME = AppIcon;
				ASSETCATALOG_COMPILER_GLOBAL_ACCENT_COLOR_NAME = AccentColor;
				CODE_SIGN_STYLE = Automatic;
				CURRENT_PROJECT_VERSION = 1;
				DEVELOPMENT_ASSET_PATHS = "\"internTest/Preview Content\"";
				DEVELOPMENT_TEAM = 8QNN7VX268;
				ENABLE_PREVIEWS = YES;
				GENERATE_INFOPLIST_FILE = YES;
				INFOPLIST_KEY_UIApplicationSceneManifest_Generation = YES;
				INFOPLIST_KEY_UIApplicationSupportsIndirectInputEvents = YES;
				INFOPLIST_KEY_UILaunchScreen_Generation = YES;
				INFOPLIST_KEY_UISupportedInterfaceOrientations_iPad = "UIInterfaceOrientationPortrait UIInterfaceOrientationPortraitUpsideDown UIInterfaceOrientationLandscapeLeft UIInterfaceOrientationLandscapeRight";
				INFOPLIST_KEY_UISupportedInterfaceOrientations_iPhone = "UIInterfaceOrientationPortrait UIInterfaceOrientationLandscapeLeft UIInterfaceOrientationLandscapeRight";
				LD_RUNPATH_SEARCH_PATHS = (
					"$(inherited)",
					"@executable_path/Frameworks",
				);
				MARKETING_VERSION = 1.0;
				PRODUCT_BUNDLE_IDENTIFIER = personal.internTest;
				PRODUCT_NAME = "$(TARGET_NAME)";
				SWIFT_EMIT_LOC_STRINGS = YES;
				SWIFT_VERSION = 5.0;
				TARGETED_DEVICE_FAMILY = "1,2";
			};
			name = Release;
		};
/* End XCBuildConfiguration section */

/* Begin XCConfigurationList section */
		4FABD0222A77E27C004BE105 /* Build configuration list for PBXProject "internTest" */ = {
			isa = XCConfigurationList;
			buildConfigurations = (
				4FABD0332A77E27D004BE105 /* Debug */,
				4FABD0342A77E27D004BE105 /* Release */,
			);
			defaultConfigurationIsVisible = 0;
			defaultConfigurationName = Release;
		};
		4FABD0352A77E27D004BE105 /* Build configuration list for PBXNativeTarget "internTest" */ = {
			isa = XCConfigurationList;
			buildConfigurations = (
				4FABD0362A77E27D004BE105 /* Debug */,
				4FABD0372A77E27D004BE105 /* Release */,
			);
			defaultConfigurationIsVisible = 0;
			defaultConfigurationName = Release;
		};
/* End XCConfigurationList section */
	};
	rootObject = 4FABD01F2A77E27C004BE105 /* Project object */;
}
